{
  "name": "multi-medium",
  "version": "0.0.0",
  "lockfileVersion": 1,
  "requires": true,
  "dependencies": {
    "coffeescript": {
      "version": "2.2.3",
      "resolved": "https://registry.npmjs.org/coffeescript/-/coffeescript-2.2.3.tgz",
      "integrity": "sha512-J+qHBN+ltCtOsWcA4X7jDRgUf+e3HHIicGhMG7pCVe3/gv/rt/OhjAaTVvfg+Mkj8wf4oADZmw97RnyhzOk0cA==",
      "dev": true
    }
  }
}
